// !$*UTF8*$!
{
	archiveVersion = 1;
	classes = {
	};
	objectVersion = 46;
	objects = {

/* Begin PBXBuildFile section */
		5A6B233E1E51661800B82DBE /* solve_puzzle.cc in Sources */ = {isa = PBXBuildFile; fileRef = 5A6B233C1E51661800B82DBE /* solve_puzzle.cc */; };
		5A89816D1E4DB24B0093AE21 /* validity_checks.cc in Sources */ = {isa = PBXBuildFile; fileRef = 5A89816B1E4DB24B0093AE21 /* validity_checks.cc */; };
		5AB016B41E6CE85D00109D69 /* print_board.cc in Sources */ = {isa = PBXBuildFile; fileRef = 5AF3D34E1E4D7817008FC4F1 /* print_board.cc */; };
		5AB016B51E6CE86200109D69 /* read_input.cc in Sources */ = {isa = PBXBuildFile; fileRef = 5AF3D3531E4D833E008FC4F1 /* read_input.cc */; };
		5AB016B61E6CE86800109D69 /* solve_puzzle.cc in Sources */ = {isa = PBXBuildFile; fileRef = 5A6B233C1E51661800B82DBE /* solve_puzzle.cc */; };
		5AB016B71E6CE86800109D69 /* validity_checks.cc in Sources */ = {isa = PBXBuildFile; fileRef = 5A89816B1E4DB24B0093AE21 /* validity_checks.cc */; };
		5AB016BA1E6CEC0100109D69 /* creator_main.cc in Sources */ = {isa = PBXBuildFile; fileRef = 5AB016B81E6CEBAE00109D69 /* creator_main.cc */; };
		5AF3D3471E4D385A008FC4F1 /* solver_main.cc in Sources */ = {isa = PBXBuildFile; fileRef = 5AF3D3461E4D385A008FC4F1 /* solver_main.cc */; };
		5AF3D3501E4D7817008FC4F1 /* print_board.cc in Sources */ = {isa = PBXBuildFile; fileRef = 5AF3D34E1E4D7817008FC4F1 /* print_board.cc */; };
		5AF3D3551E4D833E008FC4F1 /* read_input.cc in Sources */ = {isa = PBXBuildFile; fileRef = 5AF3D3531E4D833E008FC4F1 /* read_input.cc */; };
/* End PBXBuildFile section */

/* Begin PBXCopyFilesBuildPhase section */
		5AB016AB1E6CE83800109D69 /* CopyFiles */ = {
			isa = PBXCopyFilesBuildPhase;
			buildActionMask = 2147483647;
			dstPath = /usr/share/man/man1/;
			dstSubfolderSpec = 0;
			files = (
			);
			runOnlyForDeploymentPostprocessing = 1;
		};
		5AF3D3411E4D3859008FC4F1 /* CopyFiles */ = {
			isa = PBXCopyFilesBuildPhase;
			buildActionMask = 2147483647;
			dstPath = /usr/share/man/man1/;
			dstSubfolderSpec = 0;
			files = (
			);
			runOnlyForDeploymentPostprocessing = 1;
		};
/* End PBXCopyFilesBuildPhase section */

/* Begin PBXFileReference section */
		5A0935F81E7356D0007EF7E8 /* GeneratedPuzzle3.txt */ = {isa = PBXFileReference; lastKnownFileType = text; path = GeneratedPuzzle3.txt; sourceTree = "<group>"; };
		5A0935F91E7356E4007EF7E8 /* GeneratedSolution3.txt */ = {isa = PBXFileReference; fileEncoding = 4; lastKnownFileType = text; path = GeneratedSolution3.txt; sourceTree = "<group>"; };
		5A0935FA1E735819007EF7E8 /* GeneratedPuzzle2.txt */ = {isa = PBXFileReference; fileEncoding = 4; lastKnownFileType = text; path = GeneratedPuzzle2.txt; sourceTree = "<group>"; };
		5A0935FB1E735829007EF7E8 /* GeneratedSolution2.txt */ = {isa = PBXFileReference; fileEncoding = 4; lastKnownFileType = text; path = GeneratedSolution2.txt; sourceTree = "<group>"; };
		5A0935FC1E735833007EF7E8 /* GeneratedPuzzle1.txt */ = {isa = PBXFileReference; fileEncoding = 4; lastKnownFileType = text; path = GeneratedPuzzle1.txt; sourceTree = "<group>"; };
		5A0935FD1E73583F007EF7E8 /* GeneratedSolution1.txt */ = {isa = PBXFileReference; fileEncoding = 4; lastKnownFileType = text; path = GeneratedSolution1.txt; sourceTree = "<group>"; };
		5A4328331E568D82001FB223 /* Puzzle4.txt */ = {isa = PBXFileReference; fileEncoding = 4; lastKnownFileType = text; path = Puzzle4.txt; sourceTree = "<group>"; };
		5A4328341E568D8C001FB223 /* Solution4.txt */ = {isa = PBXFileReference; fileEncoding = 4; lastKnownFileType = text; path = Solution4.txt; sourceTree = "<group>"; };
		5A4328371E56A451001FB223 /* README.md */ = {isa = PBXFileReference; fileEncoding = 4; lastKnownFileType = net.daringfireball.markdown; path = README.md; sourceTree = SOURCE_ROOT; };
		5A6B233C1E51661800B82DBE /* solve_puzzle.cc */ = {isa = PBXFileReference; fileEncoding = 4; lastKnownFileType = sourcecode.cpp.cpp; path = solve_puzzle.cc; sourceTree = "<group>"; };
		5A6B233D1E51661800B82DBE /* solve_puzzle.h */ = {isa = PBXFileReference; fileEncoding = 4; lastKnownFileType = sourcecode.c.h; path = solve_puzzle.h; sourceTree = "<group>"; };
		5A6B233F1E51664400B82DBE /* typedefs.h */ = {isa = PBXFileReference; fileEncoding = 4; lastKnownFileType = sourcecode.c.h; path = typedefs.h; sourceTree = "<group>"; };
		5A89816B1E4DB24B0093AE21 /* validity_checks.cc */ = {isa = PBXFileReference; fileEncoding = 4; lastKnownFileType = sourcecode.cpp.cpp; path = validity_checks.cc; sourceTree = "<group>"; };
		5A89816C1E4DB24B0093AE21 /* validity_checks.h */ = {isa = PBXFileReference; fileEncoding = 4; lastKnownFileType = sourcecode.c.h; path = validity_checks.h; sourceTree = "<group>"; };
		5AB016AD1E6CE83800109D69 /* RippleEffectCreator */ = {isa = PBXFileReference; explicitFileType = "compiled.mach-o.executable"; includeInIndex = 0; path = RippleEffectCreator; sourceTree = BUILT_PRODUCTS_DIR; };
		5AB016B81E6CEBAE00109D69 /* creator_main.cc */ = {isa = PBXFileReference; fileEncoding = 4; lastKnownFileType = sourcecode.cpp.cpp; path = creator_main.cc; sourceTree = "<group>"; };
		5AB016BC1E6D202A00109D69 /* MultipleSolutions2.txt */ = {isa = PBXFileReference; lastKnownFileType = text; path = MultipleSolutions2.txt; sourceTree = "<group>"; };
		5AE862031E727282000F8BFD /* MultipleSolutions1.txt */ = {isa = PBXFileReference; lastKnownFileType = text; path = MultipleSolutions1.txt; sourceTree = "<group>"; };
		5AF3D3431E4D385A008FC4F1 /* RippleEffectSolver */ = {isa = PBXFileReference; explicitFileType = "compiled.mach-o.executable"; includeInIndex = 0; path = RippleEffectSolver; sourceTree = BUILT_PRODUCTS_DIR; };
		5AF3D3461E4D385A008FC4F1 /* solver_main.cc */ = {isa = PBXFileReference; lastKnownFileType = sourcecode.cpp.cpp; path = solver_main.cc; sourceTree = "<group>"; };
		5AF3D34D1E4D6A58008FC4F1 /* Puzzle1.txt */ = {isa = PBXFileReference; fileEncoding = 4; lastKnownFileType = text; path = Puzzle1.txt; sourceTree = "<group>"; };
		5AF3D34E1E4D7817008FC4F1 /* print_board.cc */ = {isa = PBXFileReference; fileEncoding = 4; lastKnownFileType = sourcecode.cpp.cpp; path = print_board.cc; sourceTree = "<group>"; };
		5AF3D34F1E4D7817008FC4F1 /* print_board.h */ = {isa = PBXFileReference; fileEncoding = 4; lastKnownFileType = sourcecode.c.h; path = print_board.h; sourceTree = "<group>"; };
		5AF3D3521E4D7D25008FC4F1 /* Solution1.txt */ = {isa = PBXFileReference; fileEncoding = 4; lastKnownFileType = text; path = Solution1.txt; sourceTree = "<group>"; };
		5AF3D3531E4D833E008FC4F1 /* read_input.cc */ = {isa = PBXFileReference; fileEncoding = 4; lastKnownFileType = sourcecode.cpp.cpp; path = read_input.cc; sourceTree = "<group>"; };
		5AF3D3541E4D833E008FC4F1 /* read_input.h */ = {isa = PBXFileReference; fileEncoding = 4; lastKnownFileType = sourcecode.c.h; path = read_input.h; sourceTree = "<group>"; };
		5AF3D3561E4D875B008FC4F1 /* Puzzle2.txt */ = {isa = PBXFileReference; fileEncoding = 4; lastKnownFileType = text; path = Puzzle2.txt; sourceTree = "<group>"; };
		5AF3D3571E4D876E008FC4F1 /* Solution2.txt */ = {isa = PBXFileReference; fileEncoding = 4; lastKnownFileType = text; path = Solution2.txt; sourceTree = "<group>"; };
		5AF3D3581E4D8776008FC4F1 /* Puzzle3.txt */ = {isa = PBXFileReference; fileEncoding = 4; lastKnownFileType = text; path = Puzzle3.txt; sourceTree = "<group>"; };
		5AF3D3591E4D877F008FC4F1 /* Solution3.txt */ = {isa = PBXFileReference; fileEncoding = 4; lastKnownFileType = text; path = Solution3.txt; sourceTree = "<group>"; };
/* End PBXFileReference section */

/* Begin PBXFrameworksBuildPhase section */
		5AB016AA1E6CE83800109D69 /* Frameworks */ = {
			isa = PBXFrameworksBuildPhase;
			buildActionMask = 2147483647;
			files = (
			);
			runOnlyForDeploymentPostprocessing = 0;
		};
		5AF3D3401E4D3859008FC4F1 /* Frameworks */ = {
			isa = PBXFrameworksBuildPhase;
			buildActionMask = 2147483647;
			files = (
			);
			runOnlyForDeploymentPostprocessing = 0;
		};
/* End PBXFrameworksBuildPhase section */

/* Begin PBXGroup section */
		5AF3D33A1E4D3859008FC4F1 = {
			isa = PBXGroup;
			children = (
				5AF3D3451E4D385A008FC4F1 /* RippleEffectSolver */,
				5AF3D3441E4D385A008FC4F1 /* Products */,
			);
			sourceTree = "<group>";
		};
		5AF3D3441E4D385A008FC4F1 /* Products */ = {
			isa = PBXGroup;
			children = (
				5AF3D3431E4D385A008FC4F1 /* RippleEffectSolver */,
				5AB016AD1E6CE83800109D69 /* RippleEffectCreator */,
			);
			name = Products;
			sourceTree = "<group>";
		};
		5AF3D3451E4D385A008FC4F1 /* RippleEffectSolver */ = {
			isa = PBXGroup;
			children = (
				5A4328371E56A451001FB223 /* README.md */,
				5AF3D3511E4D7C4E008FC4F1 /* Puzzles */,
				5AF3D3461E4D385A008FC4F1 /* solver_main.cc */,
				5AB016B81E6CEBAE00109D69 /* creator_main.cc */,
				5AF3D34E1E4D7817008FC4F1 /* print_board.cc */,
				5AF3D34F1E4D7817008FC4F1 /* print_board.h */,
				5AF3D3531E4D833E008FC4F1 /* read_input.cc */,
				5AF3D3541E4D833E008FC4F1 /* read_input.h */,
				5A6B233C1E51661800B82DBE /* solve_puzzle.cc */,
				5A6B233D1E51661800B82DBE /* solve_puzzle.h */,
				5A6B233F1E51664400B82DBE /* typedefs.h */,
				5A89816B1E4DB24B0093AE21 /* validity_checks.cc */,
				5A89816C1E4DB24B0093AE21 /* validity_checks.h */,
			);
			path = RippleEffectSolver;
			sourceTree = "<group>";
		};
		5AF3D3511E4D7C4E008FC4F1 /* Puzzles */ = {
			isa = PBXGroup;
			children = (
				5AF3D34D1E4D6A58008FC4F1 /* Puzzle1.txt */,
				5AF3D3521E4D7D25008FC4F1 /* Solution1.txt */,
				5AF3D3561E4D875B008FC4F1 /* Puzzle2.txt */,
				5AF3D3571E4D876E008FC4F1 /* Solution2.txt */,
				5AF3D3581E4D8776008FC4F1 /* Puzzle3.txt */,
				5AF3D3591E4D877F008FC4F1 /* Solution3.txt */,
				5A4328331E568D82001FB223 /* Puzzle4.txt */,
				5A4328341E568D8C001FB223 /* Solution4.txt */,
				5AE862031E727282000F8BFD /* MultipleSolutions1.txt */,
				5AB016BC1E6D202A00109D69 /* MultipleSolutions2.txt */,
				5A0935FC1E735833007EF7E8 /* GeneratedPuzzle1.txt */,
				5A0935FD1E73583F007EF7E8 /* GeneratedSolution1.txt */,
				5A0935FA1E735819007EF7E8 /* GeneratedPuzzle2.txt */,
				5A0935FB1E735829007EF7E8 /* GeneratedSolution2.txt */,
				5A0935F81E7356D0007EF7E8 /* GeneratedPuzzle3.txt */,
				5A0935F91E7356E4007EF7E8 /* GeneratedSolution3.txt */,
			);
			name = Puzzles;
			sourceTree = "<group>";
		};
/* End PBXGroup section */

/* Begin PBXNativeTarget section */
		5AB016AC1E6CE83800109D69 /* RippleEffectCreator */ = {
			isa = PBXNativeTarget;
			buildConfigurationList = 5AB016B31E6CE83800109D69 /* Build configuration list for PBXNativeTarget "RippleEffectCreator" */;
			buildPhases = (
				5AB016A91E6CE83800109D69 /* Sources */,
				5AB016AA1E6CE83800109D69 /* Frameworks */,
				5AB016AB1E6CE83800109D69 /* CopyFiles */,
			);
			buildRules = (
			);
			dependencies = (
			);
			name = RippleEffectCreator;
			productName = RippleEffectCreator;
			productReference = 5AB016AD1E6CE83800109D69 /* RippleEffectCreator */;
			productType = "com.apple.product-type.tool";
		};
		5AF3D3421E4D3859008FC4F1 /* RippleEffectSolver */ = {
			isa = PBXNativeTarget;
			buildConfigurationList = 5AF3D34A1E4D385A008FC4F1 /* Build configuration list for PBXNativeTarget "RippleEffectSolver" */;
			buildPhases = (
				5AF3D33F1E4D3859008FC4F1 /* Sources */,
				5AF3D3401E4D3859008FC4F1 /* Frameworks */,
				5AF3D3411E4D3859008FC4F1 /* CopyFiles */,
			);
			buildRules = (
			);
			dependencies = (
			);
			name = RippleEffectSolver;
			productName = RippleEffectSolver;
			productReference = 5AF3D3431E4D385A008FC4F1 /* RippleEffectSolver */;
			productType = "com.apple.product-type.tool";
		};
/* End PBXNativeTarget section */

/* Begin PBXProject section */
		5AF3D33B1E4D3859008FC4F1 /* Project object */ = {
			isa = PBXProject;
			attributes = {
				LastUpgradeCheck = 0820;
				ORGANIZATIONNAME = "Hunter Knepshield";
				TargetAttributes = {
					5AB016AC1E6CE83800109D69 = {
						CreatedOnToolsVersion = 8.2.1;
						ProvisioningStyle = Automatic;
					};
					5AF3D3421E4D3859008FC4F1 = {
						CreatedOnToolsVersion = 8.2.1;
						ProvisioningStyle = Automatic;
					};
				};
			};
			buildConfigurationList = 5AF3D33E1E4D3859008FC4F1 /* Build configuration list for PBXProject "RippleEffectSolver" */;
			compatibilityVersion = "Xcode 3.2";
			developmentRegion = English;
			hasScannedForEncodings = 0;
			knownRegions = (
				en,
			);
			mainGroup = 5AF3D33A1E4D3859008FC4F1;
			productRefGroup = 5AF3D3441E4D385A008FC4F1 /* Products */;
			projectDirPath = "";
			projectRoot = "";
			targets = (
				5AF3D3421E4D3859008FC4F1 /* RippleEffectSolver */,
				5AB016AC1E6CE83800109D69 /* RippleEffectCreator */,
			);
		};
/* End PBXProject section */

/* Begin PBXSourcesBuildPhase section */
		5AB016A91E6CE83800109D69 /* Sources */ = {
			isa = PBXSourcesBuildPhase;
			buildActionMask = 2147483647;
			files = (
				5AB016B51E6CE86200109D69 /* read_input.cc in Sources */,
				5AB016B61E6CE86800109D69 /* solve_puzzle.cc in Sources */,
				5AB016BA1E6CEC0100109D69 /* creator_main.cc in Sources */,
				5AB016B71E6CE86800109D69 /* validity_checks.cc in Sources */,
				5AB016B41E6CE85D00109D69 /* print_board.cc in Sources */,
			);
			runOnlyForDeploymentPostprocessing = 0;
		};
		5AF3D33F1E4D3859008FC4F1 /* Sources */ = {
			isa = PBXSourcesBuildPhase;
			buildActionMask = 2147483647;
			files = (
				5AF3D3501E4D7817008FC4F1 /* print_board.cc in Sources */,
				5AF3D3551E4D833E008FC4F1 /* read_input.cc in Sources */,
				5A6B233E1E51661800B82DBE /* solve_puzzle.cc in Sources */,
				5A89816D1E4DB24B0093AE21 /* validity_checks.cc in Sources */,
				5AF3D3471E4D385A008FC4F1 /* solver_main.cc in Sources */,
			);
			runOnlyForDeploymentPostprocessing = 0;
		};
/* End PBXSourcesBuildPhase section */

/* Begin XCBuildConfiguration section */
		5AB016B11E6CE83800109D69 /* Debug */ = {
			isa = XCBuildConfiguration;
			buildSettings = {
				PRODUCT_NAME = "$(TARGET_NAME)";
			};
			name = Debug;
		};
		5AB016B21E6CE83800109D69 /* Release */ = {
			isa = XCBuildConfiguration;
			buildSettings = {
				PRODUCT_NAME = "$(TARGET_NAME)";
			};
			name = Release;
		};
		5AF3D3481E4D385A008FC4F1 /* Debug */ = {
			isa = XCBuildConfiguration;
			buildSettings = {
				ALWAYS_SEARCH_USER_PATHS = NO;
				CLANG_ANALYZER_NONNULL = YES;
				CLANG_CXX_LANGUAGE_STANDARD = "gnu++0x";
				CLANG_CXX_LIBRARY = "libc++";
				CLANG_ENABLE_MODULES = YES;
				CLANG_ENABLE_OBJC_ARC = YES;
				CLANG_WARN_BOOL_CONVERSION = YES;
				CLANG_WARN_CONSTANT_CONVERSION = YES;
				CLANG_WARN_DIRECT_OBJC_ISA_USAGE = YES_ERROR;
				CLANG_WARN_DOCUMENTATION_COMMENTS = YES;
				CLANG_WARN_EMPTY_BODY = YES;
				CLANG_WARN_ENUM_CONVERSION = YES;
				CLANG_WARN_INFINITE_RECURSION = YES;
				CLANG_WARN_INT_CONVERSION = YES;
				CLANG_WARN_OBJC_ROOT_CLASS = YES_ERROR;
				CLANG_WARN_SUSPICIOUS_MOVE = YES;
				CLANG_WARN_UNREACHABLE_CODE = YES;
				CLANG_WARN__DUPLICATE_METHOD_MATCH = YES;
				CODE_SIGN_IDENTITY = "-";
				COPY_PHASE_STRIP = NO;
				DEBUG_INFORMATION_FORMAT = dwarf;
				ENABLE_STRICT_OBJC_MSGSEND = YES;
				ENABLE_TESTABILITY = YES;
				GCC_C_LANGUAGE_STANDARD = gnu99;
				GCC_DYNAMIC_NO_PIC = NO;
				GCC_NO_COMMON_BLOCKS = YES;
				GCC_OPTIMIZATION_LEVEL = 0;
				GCC_PREPROCESSOR_DEFINITIONS = (
					"DEBUG=1",
					"$(inherited)",
				);
				GCC_WARN_64_TO_32_BIT_CONVERSION = YES;
				GCC_WARN_ABOUT_RETURN_TYPE = YES_ERROR;
				GCC_WARN_UNDECLARED_SELECTOR = YES;
				GCC_WARN_UNINITIALIZED_AUTOS = YES_AGGRESSIVE;
				GCC_WARN_UNUSED_FUNCTION = YES;
				GCC_WARN_UNUSED_VARIABLE = YES;
				MACOSX_DEPLOYMENT_TARGET = 10.12;
				MTL_ENABLE_DEBUG_INFO = YES;
				ONLY_ACTIVE_ARCH = YES;
				SDKROOT = macosx;
			};
			name = Debug;
		};
		5AF3D3491E4D385A008FC4F1 /* Release */ = {
			isa = XCBuildConfiguration;
			buildSettings = {
				ALWAYS_SEARCH_USER_PATHS = NO;
				CLANG_ANALYZER_NONNULL = YES;
				CLANG_CXX_LANGUAGE_STANDARD = "gnu++0x";
				CLANG_CXX_LIBRARY = "libc++";
				CLANG_ENABLE_MODULES = YES;
				CLANG_ENABLE_OBJC_ARC = YES;
				CLANG_WARN_BOOL_CONVERSION = YES;
				CLANG_WARN_CONSTANT_CONVERSION = YES;
				CLANG_WARN_DIRECT_OBJC_ISA_USAGE = YES_ERROR;
				CLANG_WARN_DOCUMENTATION_COMMENTS = YES;
				CLANG_WARN_EMPTY_BODY = YES;
				CLANG_WARN_ENUM_CONVERSION = YES;
				CLANG_WARN_INFINITE_RECURSION = YES;
				CLANG_WARN_INT_CONVERSION = YES;
				CLANG_WARN_OBJC_ROOT_CLASS = YES_ERROR;
				CLANG_WARN_SUSPICIOUS_MOVE = YES;
				CLANG_WARN_UNREACHABLE_CODE = YES;
				CLANG_WARN__DUPLICATE_METHOD_MATCH = YES;
				CODE_SIGN_IDENTITY = "-";
				COPY_PHASE_STRIP = NO;
				DEBUG_INFORMATION_FORMAT = "dwarf-with-dsym";
				ENABLE_NS_ASSERTIONS = NO;
				ENABLE_STRICT_OBJC_MSGSEND = YES;
				GCC_C_LANGUAGE_STANDARD = gnu99;
				GCC_NO_COMMON_BLOCKS = YES;
				GCC_WARN_64_TO_32_BIT_CONVERSION = YES;
				GCC_WARN_ABOUT_RETURN_TYPE = YES_ERROR;
				GCC_WARN_UNDECLARED_SELECTOR = YES;
				GCC_WARN_UNINITIALIZED_AUTOS = YES_AGGRESSIVE;
				GCC_WARN_UNUSED_FUNCTION = YES;
				GCC_WARN_UNUSED_VARIABLE = YES;
				MACOSX_DEPLOYMENT_TARGET = 10.12;
				MTL_ENABLE_DEBUG_INFO = NO;
				SDKROOT = macosx;
			};
			name = Release;
		};
		5AF3D34B1E4D385A008FC4F1 /* Debug */ = {
			isa = XCBuildConfiguration;
			buildSettings = {
				PRODUCT_NAME = "$(TARGET_NAME)";
			};
			name = Debug;
		};
		5AF3D34C1E4D385A008FC4F1 /* Release */ = {
			isa = XCBuildConfiguration;
			buildSettings = {
				PRODUCT_NAME = "$(TARGET_NAME)";
			};
			name = Release;
		};
/* End XCBuildConfiguration section */

/* Begin XCConfigurationList section */
		5AB016B31E6CE83800109D69 /* Build configuration list for PBXNativeTarget "RippleEffectCreator" */ = {
			isa = XCConfigurationList;
			buildConfigurations = (
				5AB016B11E6CE83800109D69 /* Debug */,
				5AB016B21E6CE83800109D69 /* Release */,
			);
			defaultConfigurationIsVisible = 0;
			defaultConfigurationName = Release;
		};
		5AF3D33E1E4D3859008FC4F1 /* Build configuration list for PBXProject "RippleEffectSolver" */ = {
			isa = XCConfigurationList;
			buildConfigurations = (
				5AF3D3481E4D385A008FC4F1 /* Debug */,
				5AF3D3491E4D385A008FC4F1 /* Release */,
			);
			defaultConfigurationIsVisible = 0;
			defaultConfigurationName = Release;
		};
		5AF3D34A1E4D385A008FC4F1 /* Build configuration list for PBXNativeTarget "RippleEffectSolver" */ = {
			isa = XCConfigurationList;
			buildConfigurations = (
				5AF3D34B1E4D385A008FC4F1 /* Debug */,
				5AF3D34C1E4D385A008FC4F1 /* Release */,
			);
			defaultConfigurationIsVisible = 0;
			defaultConfigurationName = Release;
		};
/* End XCConfigurationList section */
	};
	rootObject = 5AF3D33B1E4D3859008FC4F1 /* Project object */;
}
